Microsoft Visual Studio Solution File, Format Version 12.00
# Visual Studio Version 17
VisualStudioVersion = 17.5.2.0
MinimumVisualStudioVersion = 10.0.40219.1
Project("{FAE04EC0-301F-11D3-BF4B-00C04F79EFBC}") = "CalculadoraTiempos", "CalculadoraTiempos\CalculadoraTiempos.csproj", "{4857A33D-53C1-7F92-B17E-ED7E140A32DA}"
EndProject
Global
	GlobalSection(SolutionConfigurationPlatforms) = preSolution
		Debug|Any CPU = Debug|Any CPU
		Release|Any CPU = Release|Any CPU
	EndGlobalSection
	GlobalSection(ProjectConfigurationPlatforms) = postSolution
		{4857A33D-53C1-7F92-B17E-ED7E140A32DA}.Debug|Any CPU.ActiveCfg = Debug|Any CPU
		{4857A33D-53C1-7F92-B17E-ED7E140A32DA}.Debug|Any CPU.Build.0 = Debug|Any CPU
		{4857A33D-53C1-7F92-B17E-ED7E140A32DA}.Release|Any CPU.ActiveCfg = Release|Any CPU
		{4857A33D-53C1-7F92-B17E-ED7E140A32DA}.Release|Any CPU.Build.0 = Release|Any CPU
	EndGlobalSection
	GlobalSection(SolutionProperties) = preSolution
		HideSolutionNode = FALSE
	EndGlobalSection
	GlobalSection(ExtensibilityGlobals) = postSolution
		SolutionGuid = {CB9C3636-26C3-4549-A10C-F69764E3D8B7}
	EndGlobalSection
EndGlobal
